
Microsoft Visual Studio Solution File, Format Version 12.00
# Visual Studio Version 17
VisualStudioVersion = 17.7.34221.43
MinimumVisualStudioVersion = 10.0.40219.1
Project("{FAE04EC0-301F-11D3-BF4B-00C04F79EFBC}") = "SpecCrudPro", "SpecCrudPro.csproj", "{FC60F557-67DE-4A0C-B706-A092FC61CF97}"
EndProject
Global
	GlobalSection(SolutionConfigurationPlatforms) = preSolution
		Debug|Any CPU = Debug|Any CPU
		Release|Any CPU = Release|Any CPU
	EndGlobalSection
	GlobalSection(ProjectConfigurationPlatforms) = postSolution
		{FC60F557-67DE-4A0C-B706-A092FC61CF97}.Debug|Any CPU.ActiveCfg = Debug|Any CPU
		{FC60F557-67DE-4A0C-B706-A092FC61CF97}.Debug|Any CPU.Build.0 = Debug|Any CPU
		{FC60F557-67DE-4A0C-B706-A092FC61CF97}.Release|Any CPU.ActiveCfg = Release|Any CPU
		{FC60F557-67DE-4A0C-B706-A092FC61CF97}.Release|Any CPU.Build.0 = Release|Any CPU
	EndGlobalSection
	GlobalSection(SolutionProperties) = preSolution
		HideSolutionNode = FALSE
	EndGlobalSection
	GlobalSection(ExtensibilityGlobals) = postSolution
		SolutionGuid = {CF1015EE-C379-4499-8BA9-EE935889B0A1}
	EndGlobalSection
EndGlobal
